github.com/davecgh/go-spew v1.1.0 h1:ZDRjVQ15GmhC3fiQ8ni8+OwkZQO4DARzQgrnXU1Liz8=
github.com/davecgh/go-spew v1.1.0/go.mod h1:J7Y8YcW2NihsgmVo/mv3lAwl/skON4iLHjSsI+c5H38=
github.com/go-rod/rod v0.86.1 h1:4hk+8RXmWXIK+rRlRpTbnh5lWh/f74392aKYe4NAF6E=
github.com/go-rod/rod v0.86.1/go.mod h1:UEYVhPXlrtQIL1Nlnq/fPY7Q5pB708UIEy5IKtNVuFg=
github.com/google/go-cmp v0.5.4 h1:L8R9j+yAqZuZjsqh/z+F1NCffTKKLShY6zXTItVIZ8M=
github.com/google/go-cmp v0.5.4/go.mod h1:v8dTdLbMG2kIc/vJvl+f65V22dbkXbowE6jgT/gNBxE=
github.com/n0madic/twitter-scraper v0.0.0-20201224081830-2f14c6affef9 h1:V7w0S+gH3HsoTb8ibG76KJa6cyrWSTvcaO5Jmpy6xj4=
github.com/n0madic/twitter-scraper v0.0.0-20201224081830-2f14c6affef9/go.mod h1:uzFP7WK9gCykBnULzfmxScXgIbs+423tWjbHRLYVq/g=
github.com/pkg/errors v0.8.1 h1:iURUrRGxPUNPdy5/HRSm+Yj6okJ6UtLINN0Q9M4+h3I=
github.com/pkg/errors v0.8.1/go.mod h1:bwawxfHBFNV+L2hUp1rHADufV3IMtnDRdf1r5NINEl0=
github.com/pmezard/go-difflib v1.0.0 h1:4DBwDE0NGyQoBHbLQYPwSUPoCMWR5BEzIk/f1lZbAQM=
github.com/pmezard/go-difflib v1.0.0/go.mod h1:iKH77koFhYxTK1pcRnkKkqfTogsbg7gZNVY4sRDYZ/4=
github.com/stretchr/objx v0.1.0/go.mod h1:HFkY916IF+rwdDfMAkV7OtwuqBVzrE8GR6GFx+wExME=
github.com/stretchr/testify v1.5.1 h1:nOGnQDM7FYENwehXlg/kFVnos3rEvtKTjRvOWSzb6H4=
github.com/stretchr/testify v1.5.1/go.mod h1:5W2xD1RspED5o8YsWQXVCued0rvSQ+mT+I5cxcmMvtA=
github.com/ysmood/goob v0.3.0 h1:XZ51cZJ4W3WCoCiUktixzMIQF86W7G5VFL4QQ/Q2uS0=
github.com/ysmood/goob v0.3.0/go.mod h1:S3lq113Y91y1UBf1wj1pFOxeahvfKkCk6mTWTWbDdWs=
github.com/ysmood/got v0.8.9 h1:fUbi0c03DSNdo82DWd4m6l63WswtJDqwBPTcrrKMUHU=
github.com/ysmood/got v0.8.9/go.mod h1:pE1l4LOwOBhQg6A/8IAatkGp7uZjnalzrZolnlhhMgY=
github.com/ysmood/gotrace v0.1.1 h1:1H9L1Rc0o/80+2Vtm3vn85rNVpNOo94/wf+G5qW0JY8=
github.com/ysmood/gotrace v0.1.1/go.mod h1:TzhIG7nHDry5//eYZDYcTzuJLYQIkykJzCRIo4/dzQM=
github.com/ysmood/gson v0.6.3 h1:4cU+5oOdsyundXHy00t99H0rLXLthuseD3x6W+xmCiU=
github.com/ysmood/gson v0.6.3/go.mod h1:3Kzs5zDl21g5F/BlLTNcuAGAYLKt2lV5G8D1zF3RNmg=
github.com/ysmood/leakless v0.6.11 h1:9y8/5v9FjHFXo81vZyh+VQTQCLs+aFjuJJqbpn33TLg=
github.com/ysmood/leakless v0.6.11/go.mod h1:R8iAXPRaG97QJwqxs74RdwzcRHT1SWCGTNqY8q0JvMQ=
golang.org/x/xerrors v0.0.0-20191204190536-9bdfabe68543 h1:E7g+9GITq07hpfrRu66IVDexMakfv52eLZ2CXBWiKr4=
golang.org/x/xerrors v0.0.0-20191204190536-9bdfabe68543/go.mod h1:I/5z698sn9Ka8TeJc9MKroUUfqBBauWjQqLJ2OPfmY0=
gopkg.in/check.v1 v0.0.0-20161208181325-20d25e280405 h1:yhCVgyC4o1eVCa2tZl7eS0r+SDo693bJlVdllGtEeKM=
gopkg.in/check.v1 v0.0.0-20161208181325-20d25e280405/go.mod h1:Co6ibVJAznAaIkqp8huTwlJQCZ016jof/cbN4VW5Yz0=
gopkg.in/tucnak/telebot.v2 v2.3.5 h1:TdMJTlG8kvepsvZdy/gPeYEBdwKdwFFjH1AQTua9BOU=
gopkg.in/tucnak/telebot.v2 v2.3.5/go.mod h1:BgaIIx50PSRS9pG59JH+geT82cfvoJU/IaI5TJdN3v8=
gopkg.in/yaml.v2 v2.2.2 h1:ZCJp+EgiOT7lHqUV2J862kp8Qj64Jo6az82+3Td9dZw=
gopkg.in/yaml.v2 v2.2.2/go.mod h1:hI93XBmqTisBFMUTm0b8Fm+jr3Dg1NNxqwp+5A1VGuI=
